
Microsoft Visual Studio Solution File, Format Version 12.00
# Visual Studio Express 2012 for Windows Phone
Project("{FAE04EC0-301F-11D3-BF4B-00C04F79EFBC}") = "Pong", "Pong\Pong\Pong.csproj", "{FA5F37CC-57A8-4EC7-8AC5-7E3151D8A7EF}"
EndProject
Project("{96E2B04D-8817-42C6-938A-82C39BA4D311}") = "PongContent", "Pong\PongContent\PongContent.contentproj", "{1FF49AB4-C38A-4613-8924-E5421612B6FA}"
EndProject
Global
	GlobalSection(SolutionConfigurationPlatforms) = preSolution
		Debug|Windows Phone = Debug|Windows Phone
		Release|Windows Phone = Release|Windows Phone
	EndGlobalSection
	GlobalSection(ProjectConfigurationPlatforms) = postSolution
		{FA5F37CC-57A8-4EC7-8AC5-7E3151D8A7EF}.Debug|Windows Phone.ActiveCfg = Debug|Windows Phone
		{FA5F37CC-57A8-4EC7-8AC5-7E3151D8A7EF}.Debug|Windows Phone.Build.0 = Debug|Windows Phone
		{FA5F37CC-57A8-4EC7-8AC5-7E3151D8A7EF}.Debug|Windows Phone.Deploy.0 = Debug|Windows Phone
		{FA5F37CC-57A8-4EC7-8AC5-7E3151D8A7EF}.Release|Windows Phone.ActiveCfg = Release|Windows Phone
		{FA5F37CC-57A8-4EC7-8AC5-7E3151D8A7EF}.Release|Windows Phone.Build.0 = Release|Windows Phone
		{FA5F37CC-57A8-4EC7-8AC5-7E3151D8A7EF}.Release|Windows Phone.Deploy.0 = Release|Windows Phone
		{1FF49AB4-C38A-4613-8924-E5421612B6FA}.Debug|Windows Phone.ActiveCfg = Debug|Windows Phone
		{1FF49AB4-C38A-4613-8924-E5421612B6FA}.Release|Windows Phone.ActiveCfg = Release|Windows Phone
	EndGlobalSection
	GlobalSection(SolutionProperties) = preSolution
		HideSolutionNode = FALSE
	EndGlobalSection
EndGlobal
